github.com/emersion/go-message v0.18.2 h1:rl55SQdjd9oJcIoQNhubD2Acs1E6IzlZISRTK7x/Lpg=
github.com/emersion/go-message v0.18.2/go.mod h1:XpJyL70LwRvq2a8rVbHXikPgKj8+aI0kGdHlg16ibYA=
github.com/emersion/go-smtp v0.24.0 h1:g6AfoF140mvW0vLNPD/LuCBLEAdlxOjIXqbIkJIS6Wk=
github.com/emersion/go-smtp v0.24.0/go.mod h1:ZtRRkbTyp2XTHCA+BmyTFTrj8xY4I+b4McvHxCU2gsQ=
github.com/google/uuid v1.6.0 h1:NIvaJDMOsjHA8n1jAhLSgzrAzy1Hgr+hNrb57e+94F0=
github.com/google/uuid v1.6.0/go.mod h1:TIyPZe4MgqvfeYDBFedMoGGpEw/LqOeaOT+nhxU+yHo=
modernc.org/sqlite v1.40.1 h1:VfuXcxcUWWKRBuP8+BR9L7VnmusMgBNNnBYGEe9w/iY=
modernc.org/sqlite v1.40.1/go.mod h1:9fjQZ0mB1LLP0GYrp39oOJXx/I2sxEnZtzCmEQIKvGE=
